
Microsoft Visual Studio Solution File, Format Version 12.00
# Visual Studio Version 17
VisualStudioVersion = 17.10.34928.147
MinimumVisualStudioVersion = 10.0.40219.1
Project("{FAE04EC0-301F-11D3-BF4B-00C04F79EFBC}") = "P1", "P1\P1.csproj", "{AC488532-B6B2-404C-B473-AB0B90C28944}"
EndProject
Global
	GlobalSection(SolutionConfigurationPlatforms) = preSolution
		Debug|Any CPU = Debug|Any CPU
		Release|Any CPU = Release|Any CPU
	EndGlobalSection
	GlobalSection(ProjectConfigurationPlatforms) = postSolution
		{AC488532-B6B2-404C-B473-AB0B90C28944}.Debug|Any CPU.ActiveCfg = Debug|Any CPU
		{AC488532-B6B2-404C-B473-AB0B90C28944}.Debug|Any CPU.Build.0 = Debug|Any CPU
		{AC488532-B6B2-404C-B473-AB0B90C28944}.Release|Any CPU.ActiveCfg = Release|Any CPU
		{AC488532-B6B2-404C-B473-AB0B90C28944}.Release|Any CPU.Build.0 = Release|Any CPU
	EndGlobalSection
	GlobalSection(SolutionProperties) = preSolution
		HideSolutionNode = FALSE
	EndGlobalSection
	GlobalSection(ExtensibilityGlobals) = postSolution
		SolutionGuid = {8CBAE1F1-D35B-4B90-B373-E211E6A7E985}
	EndGlobalSection
EndGlobal
